
Microsoft Visual Studio Solution File, Format Version 12.00
Project("{2150E333-8FDC-42A3-9474-1A3956D46DE8}") = "src", "src", "{827E0CD3-B72D-47B6-A68D-7590B98EB39B}"
EndProject
Project("{2150E333-8FDC-42A3-9474-1A3956D46DE8}") = "BankAPI.API", "BankAPI.API", "{4BA06933-4D16-3683-9427-796F3637B946}"
EndProject
Project("{FAE04EC0-301F-11D3-BF4B-00C04F79EFBC}") = "BankAPI", "src\BankAPI.API\BankAPI.csproj", "{2F1C737C-7ABD-411A-955E-52B728CFD7BD}"
EndProject
Project("{FAE04EC0-301F-11D3-BF4B-00C04F79EFBC}") = "BankAPI.Application", "src\BankAPI.Application\BankAPI.Application.csproj", "{281E2C28-5FF8-4F50-A15F-A9EC348061D3}"
EndProject
Project("{FAE04EC0-301F-11D3-BF4B-00C04F79EFBC}") = "BankAPI.Domain", "src\BankAPI.Domain\BankAPI.Domain.csproj", "{41628B0E-91ED-4FD9-BABE-4909BDDCFCEB}"
EndProject
Project("{FAE04EC0-301F-11D3-BF4B-00C04F79EFBC}") = "BankAPI.Infrastructure", "src\BankAPI.Infrastructure\BankAPI.Infrastructure.csproj", "{A04FC3D2-419C-4BE8-A76D-BF61A812ADBE}"
EndProject
Project("{2150E333-8FDC-42A3-9474-1A3956D46DE8}") = "tests", "tests", "{0AB3BF05-4346-4AA6-1389-037BE0695223}"
EndProject
Project("{FAE04EC0-301F-11D3-BF4B-00C04F79EFBC}") = "BankAPI.UnitTests", "tests\BankAPI.UnitTests\BankAPI.UnitTests.csproj", "{F22A5265-D18C-4EE9-9873-0BEDAE330773}"
EndProject
Project("{FAE04EC0-301F-11D3-BF4B-00C04F79EFBC}") = "BankAPI.IntegrationTests", "tests\BankAPI.IntegrationTests\BankAPI.IntegrationTests.csproj", "{B9DD6AC3-8163-4798-8AD9-AACD061C3931}"
EndProject
Global
	GlobalSection(SolutionConfigurationPlatforms) = preSolution
		Debug|Any CPU = Debug|Any CPU
		Debug|x64 = Debug|x64
		Debug|x86 = Debug|x86
		Release|Any CPU = Release|Any CPU
		Release|x64 = Release|x64
		Release|x86 = Release|x86
	EndGlobalSection
	GlobalSection(ProjectConfigurationPlatforms) = postSolution
		{2F1C737C-7ABD-411A-955E-52B728CFD7BD}.Debug|Any CPU.ActiveCfg = Debug|Any CPU
		{2F1C737C-7ABD-411A-955E-52B728CFD7BD}.Debug|Any CPU.Build.0 = Debug|Any CPU
		{2F1C737C-7ABD-411A-955E-52B728CFD7BD}.Debug|x64.ActiveCfg = Debug|Any CPU
		{2F1C737C-7ABD-411A-955E-52B728CFD7BD}.Debug|x64.Build.0 = Debug|Any CPU
		{2F1C737C-7ABD-411A-955E-52B728CFD7BD}.Debug|x86.ActiveCfg = Debug|Any CPU
		{2F1C737C-7ABD-411A-955E-52B728CFD7BD}.Debug|x86.Build.0 = Debug|Any CPU
		{2F1C737C-7ABD-411A-955E-52B728CFD7BD}.Release|Any CPU.ActiveCfg = Release|Any CPU
		{2F1C737C-7ABD-411A-955E-52B728CFD7BD}.Release|Any CPU.Build.0 = Release|Any CPU
		{2F1C737C-7ABD-411A-955E-52B728CFD7BD}.Release|x64.ActiveCfg = Release|Any CPU
		{2F1C737C-7ABD-411A-955E-52B728CFD7BD}.Release|x64.Build.0 = Release|Any CPU
		{2F1C737C-7ABD-411A-955E-52B728CFD7BD}.Release|x86.ActiveCfg = Release|Any CPU
		{2F1C737C-7ABD-411A-955E-52B728CFD7BD}.Release|x86.Build.0 = Release|Any CPU
		{281E2C28-5FF8-4F50-A15F-A9EC348061D3}.Debug|Any CPU.ActiveCfg = Debug|Any CPU
		{281E2C28-5FF8-4F50-A15F-A9EC348061D3}.Debug|Any CPU.Build.0 = Debug|Any CPU
		{281E2C28-5FF8-4F50-A15F-A9EC348061D3}.Debug|x64.ActiveCfg = Debug|Any CPU
		{281E2C28-5FF8-4F50-A15F-A9EC348061D3}.Debug|x64.Build.0 = Debug|Any CPU
		{281E2C28-5FF8-4F50-A15F-A9EC348061D3}.Debug|x86.ActiveCfg = Debug|Any CPU
		{281E2C28-5FF8-4F50-A15F-A9EC348061D3}.Debug|x86.Build.0 = Debug|Any CPU
		{281E2C28-5FF8-4F50-A15F-A9EC348061D3}.Release|Any CPU.ActiveCfg = Release|Any CPU
		{281E2C28-5FF8-4F50-A15F-A9EC348061D3}.Release|Any CPU.Build.0 = Release|Any CPU
		{281E2C28-5FF8-4F50-A15F-A9EC348061D3}.Release|x64.ActiveCfg = Release|Any CPU
		{281E2C28-5FF8-4F50-A15F-A9EC348061D3}.Release|x64.Build.0 = Release|Any CPU
		{281E2C28-5FF8-4F50-A15F-A9EC348061D3}.Release|x86.ActiveCfg = Release|Any CPU
		{281E2C28-5FF8-4F50-A15F-A9EC348061D3}.Release|x86.Build.0 = Release|Any CPU
		{41628B0E-91ED-4FD9-BABE-4909BDDCFCEB}.Debug|Any CPU.ActiveCfg = Debug|Any CPU
		{41628B0E-91ED-4FD9-BABE-4909BDDCFCEB}.Debug|Any CPU.Build.0 = Debug|Any CPU
		{41628B0E-91ED-4FD9-BABE-4909BDDCFCEB}.Debug|x64.ActiveCfg = Debug|Any CPU
		{41628B0E-91ED-4FD9-BABE-4909BDDCFCEB}.Debug|x64.Build.0 = Debug|Any CPU
		{41628B0E-91ED-4FD9-BABE-4909BDDCFCEB}.Debug|x86.ActiveCfg = Debug|Any CPU
		{41628B0E-91ED-4FD9-BABE-4909BDDCFCEB}.Debug|x86.Build.0 = Debug|Any CPU
		{41628B0E-91ED-4FD9-BABE-4909BDDCFCEB}.Release|Any CPU.ActiveCfg = Release|Any CPU
		{41628B0E-91ED-4FD9-BABE-4909BDDCFCEB}.Release|Any CPU.Build.0 = Release|Any CPU
		{41628B0E-91ED-4FD9-BABE-4909BDDCFCEB}.Release|x64.ActiveCfg = Release|Any CPU
		{41628B0E-91ED-4FD9-BABE-4909BDDCFCEB}.Release|x64.Build.0 = Release|Any CPU
		{41628B0E-91ED-4FD9-BABE-4909BDDCFCEB}.Release|x86.ActiveCfg = Release|Any CPU
		{41628B0E-91ED-4FD9-BABE-4909BDDCFCEB}.Release|x86.Build.0 = Release|Any CPU
		{A04FC3D2-419C-4BE8-A76D-BF61A812ADBE}.Debug|Any CPU.ActiveCfg = Debug|Any CPU
		{A04FC3D2-419C-4BE8-A76D-BF61A812ADBE}.Debug|Any CPU.Build.0 = Debug|Any CPU
		{A04FC3D2-419C-4BE8-A76D-BF61A812ADBE}.Debug|x64.ActiveCfg = Debug|Any CPU
		{A04FC3D2-419C-4BE8-A76D-BF61A812ADBE}.Debug|x64.Build.0 = Debug|Any CPU
		{A04FC3D2-419C-4BE8-A76D-BF61A812ADBE}.Debug|x86.ActiveCfg = Debug|Any CPU
		{A04FC3D2-419C-4BE8-A76D-BF61A812ADBE}.Debug|x86.Build.0 = Debug|Any CPU
		{A04FC3D2-419C-4BE8-A76D-BF61A812ADBE}.Release|Any CPU.ActiveCfg = Release|Any CPU
		{A04FC3D2-419C-4BE8-A76D-BF61A812ADBE}.Release|Any CPU.Build.0 = Release|Any CPU
		{A04FC3D2-419C-4BE8-A76D-BF61A812ADBE}.Release|x64.ActiveCfg = Release|Any CPU
		{A04FC3D2-419C-4BE8-A76D-BF61A812ADBE}.Release|x64.Build.0 = Release|Any CPU
		{A04FC3D2-419C-4BE8-A76D-BF61A812ADBE}.Release|x86.ActiveCfg = Release|Any CPU
		{A04FC3D2-419C-4BE8-A76D-BF61A812ADBE}.Release|x86.Build.0 = Release|Any CPU
		{F22A5265-D18C-4EE9-9873-0BEDAE330773}.Debug|Any CPU.ActiveCfg = Debug|Any CPU
		{F22A5265-D18C-4EE9-9873-0BEDAE330773}.Debug|Any CPU.Build.0 = Debug|Any CPU
		{F22A5265-D18C-4EE9-9873-0BEDAE330773}.Debug|x64.ActiveCfg = Debug|Any CPU
		{F22A5265-D18C-4EE9-9873-0BEDAE330773}.Debug|x64.Build.0 = Debug|Any CPU
		{F22A5265-D18C-4EE9-9873-0BEDAE330773}.Debug|x86.ActiveCfg = Debug|Any CPU
		{F22A5265-D18C-4EE9-9873-0BEDAE330773}.Debug|x86.Build.0 = Debug|Any CPU
		{F22A5265-D18C-4EE9-9873-0BEDAE330773}.Release|Any CPU.ActiveCfg = Release|Any CPU
		{F22A5265-D18C-4EE9-9873-0BEDAE330773}.Release|Any CPU.Build.0 = Release|Any CPU
		{F22A5265-D18C-4EE9-9873-0BEDAE330773}.Release|x64.ActiveCfg = Release|Any CPU
		{F22A5265-D18C-4EE9-9873-0BEDAE330773}.Release|x64.Build.0 = Release|Any CPU
		{F22A5265-D18C-4EE9-9873-0BEDAE330773}.Release|x86.ActiveCfg = Release|Any CPU
		{F22A5265-D18C-4EE9-9873-0BEDAE330773}.Release|x86.Build.0 = Release|Any CPU
		{B9DD6AC3-8163-4798-8AD9-AACD061C3931}.Debug|Any CPU.ActiveCfg = Debug|Any CPU
		{B9DD6AC3-8163-4798-8AD9-AACD061C3931}.Debug|Any CPU.Build.0 = Debug|Any CPU
		{B9DD6AC3-8163-4798-8AD9-AACD061C3931}.Debug|x64.ActiveCfg = Debug|Any CPU
		{B9DD6AC3-8163-4798-8AD9-AACD061C3931}.Debug|x64.Build.0 = Debug|Any CPU
		{B9DD6AC3-8163-4798-8AD9-AACD061C3931}.Debug|x86.ActiveCfg = Debug|Any CPU
		{B9DD6AC3-8163-4798-8AD9-AACD061C3931}.Debug|x86.Build.0 = Debug|Any CPU
		{B9DD6AC3-8163-4798-8AD9-AACD061C3931}.Release|Any CPU.ActiveCfg = Release|Any CPU
		{B9DD6AC3-8163-4798-8AD9-AACD061C3931}.Release|Any CPU.Build.0 = Release|Any CPU
		{B9DD6AC3-8163-4798-8AD9-AACD061C3931}.Release|x64.ActiveCfg = Release|Any CPU
		{B9DD6AC3-8163-4798-8AD9-AACD061C3931}.Release|x64.Build.0 = Release|Any CPU
		{B9DD6AC3-8163-4798-8AD9-AACD061C3931}.Release|x86.ActiveCfg = Release|Any CPU
		{B9DD6AC3-8163-4798-8AD9-AACD061C3931}.Release|x86.Build.0 = Release|Any CPU
	EndGlobalSection
	GlobalSection(SolutionProperties) = preSolution
		HideSolutionNode = FALSE
	EndGlobalSection
	GlobalSection(NestedProjects) = preSolution
		{4BA06933-4D16-3683-9427-796F3637B946} = {827E0CD3-B72D-47B6-A68D-7590B98EB39B}
		{2F1C737C-7ABD-411A-955E-52B728CFD7BD} = {4BA06933-4D16-3683-9427-796F3637B946}
		{281E2C28-5FF8-4F50-A15F-A9EC348061D3} = {827E0CD3-B72D-47B6-A68D-7590B98EB39B}
		{41628B0E-91ED-4FD9-BABE-4909BDDCFCEB} = {827E0CD3-B72D-47B6-A68D-7590B98EB39B}
		{A04FC3D2-419C-4BE8-A76D-BF61A812ADBE} = {827E0CD3-B72D-47B6-A68D-7590B98EB39B}
		{F22A5265-D18C-4EE9-9873-0BEDAE330773} = {0AB3BF05-4346-4AA6-1389-037BE0695223}
		{B9DD6AC3-8163-4798-8AD9-AACD061C3931} = {0AB3BF05-4346-4AA6-1389-037BE0695223}
	EndGlobalSection
EndGlobal
