
Microsoft Visual Studio Solution File, Format Version 12.00
Project("{FAE04EC0-301F-11D3-BF4B-00C04F79EFBC}") = "BankAPI", "BankAPI\BankAPI.csproj", "{F49E2526-CD34-4896-AA7B-D86DC2B59AC8}"
EndProject
Project("{2150E333-8FDC-42A3-9474-1A3956D46DE8}") = "IntegrationTests", "IntegrationTests", "{1D262D65-7495-6CB3-7B98-55E7B311B78D}"
EndProject
Project("{FAE04EC0-301F-11D3-BF4B-00C04F79EFBC}") = "IntegrationTests", "IntegrationTests\IntegrationTests\IntegrationTests.csproj", "{F79D2DAA-A902-44A7-A196-892E56CE1DD9}"
EndProject
Global
	GlobalSection(SolutionConfigurationPlatforms) = preSolution
		Debug|Any CPU = Debug|Any CPU
		Debug|x64 = Debug|x64
		Debug|x86 = Debug|x86
		Release|Any CPU = Release|Any CPU
		Release|x64 = Release|x64
		Release|x86 = Release|x86
	EndGlobalSection
	GlobalSection(ProjectConfigurationPlatforms) = postSolution
		{F49E2526-CD34-4896-AA7B-D86DC2B59AC8}.Debug|Any CPU.ActiveCfg = Debug|Any CPU
		{F49E2526-CD34-4896-AA7B-D86DC2B59AC8}.Debug|Any CPU.Build.0 = Debug|Any CPU
		{F49E2526-CD34-4896-AA7B-D86DC2B59AC8}.Debug|x64.ActiveCfg = Debug|Any CPU
		{F49E2526-CD34-4896-AA7B-D86DC2B59AC8}.Debug|x64.Build.0 = Debug|Any CPU
		{F49E2526-CD34-4896-AA7B-D86DC2B59AC8}.Debug|x86.ActiveCfg = Debug|Any CPU
		{F49E2526-CD34-4896-AA7B-D86DC2B59AC8}.Debug|x86.Build.0 = Debug|Any CPU
		{F49E2526-CD34-4896-AA7B-D86DC2B59AC8}.Release|Any CPU.ActiveCfg = Release|Any CPU
		{F49E2526-CD34-4896-AA7B-D86DC2B59AC8}.Release|Any CPU.Build.0 = Release|Any CPU
		{F49E2526-CD34-4896-AA7B-D86DC2B59AC8}.Release|x64.ActiveCfg = Release|Any CPU
		{F49E2526-CD34-4896-AA7B-D86DC2B59AC8}.Release|x64.Build.0 = Release|Any CPU
		{F49E2526-CD34-4896-AA7B-D86DC2B59AC8}.Release|x86.ActiveCfg = Release|Any CPU
		{F49E2526-CD34-4896-AA7B-D86DC2B59AC8}.Release|x86.Build.0 = Release|Any CPU
		{F79D2DAA-A902-44A7-A196-892E56CE1DD9}.Debug|Any CPU.ActiveCfg = Debug|Any CPU
		{F79D2DAA-A902-44A7-A196-892E56CE1DD9}.Debug|Any CPU.Build.0 = Debug|Any CPU
		{F79D2DAA-A902-44A7-A196-892E56CE1DD9}.Debug|x64.ActiveCfg = Debug|Any CPU
		{F79D2DAA-A902-44A7-A196-892E56CE1DD9}.Debug|x64.Build.0 = Debug|Any CPU
		{F79D2DAA-A902-44A7-A196-892E56CE1DD9}.Debug|x86.ActiveCfg = Debug|Any CPU
		{F79D2DAA-A902-44A7-A196-892E56CE1DD9}.Debug|x86.Build.0 = Debug|Any CPU
		{F79D2DAA-A902-44A7-A196-892E56CE1DD9}.Release|Any CPU.ActiveCfg = Release|Any CPU
		{F79D2DAA-A902-44A7-A196-892E56CE1DD9}.Release|Any CPU.Build.0 = Release|Any CPU
		{F79D2DAA-A902-44A7-A196-892E56CE1DD9}.Release|x64.ActiveCfg = Release|Any CPU
		{F79D2DAA-A902-44A7-A196-892E56CE1DD9}.Release|x64.Build.0 = Release|Any CPU
		{F79D2DAA-A902-44A7-A196-892E56CE1DD9}.Release|x86.ActiveCfg = Release|Any CPU
		{F79D2DAA-A902-44A7-A196-892E56CE1DD9}.Release|x86.Build.0 = Release|Any CPU
	EndGlobalSection
	GlobalSection(SolutionProperties) = preSolution
		HideSolutionNode = FALSE
	EndGlobalSection
	GlobalSection(NestedProjects) = preSolution
		{F79D2DAA-A902-44A7-A196-892E56CE1DD9} = {1D262D65-7495-6CB3-7B98-55E7B311B78D}
	EndGlobalSection
EndGlobal
